{
  "version": 4,
  "terraform_version": "1.10.0",
  "serial": 11,
  "lineage": "1d210602-8fff-7186-7086-372efb196e76",
  "outputs": {},
  "resources": [
    {
      "mode": "managed",
      "type": "local_file",
      "name": "dev",
      "provider": "provider[\"registry.terraform.io/hashicorp/local\"]",
      "instances": [
        {
          "schema_version": 0,
          "attributes": {
            "content": "Development environment",
            "content_base64": null,
            "content_base64sha256": "it3WMaq7UEHIr0dilz8MDZk7t5WxfulCzDSkG1uX4Gc=",
            "content_base64sha512": "jxCXEZykFErEhs7P3g3Arnl/8JqQ9dtQ3uXxGlImd5NrMSYlm3c2cNGqgri95MA2XXEeNOqCk7mlY5PqtxENdg==",
            "content_md5": "6b3b0440b835d901050393db393ca743",
            "content_sha1": "e99a087024263f55df4075593a3e45d2efec12e1",
            "content_sha256": "8addd631aabb5041c8af4762973f0c0d993bb795b17ee942cc34a41b5b97e067",
            "content_sha512": "8f1097119ca4144ac486cecfde0dc0ae797ff09a90f5db50dee5f11a522677936b3126259b773670d1aa82b8bde4c0365d711e34ea8293b9a56393eab7110d76",
            "directory_permission": "0777",
            "file_permission": "0777",
            "filename": "./dev.txt",
            "id": "e99a087024263f55df4075593a3e45d2efec12e1",
            "sensitive_content": null,
            "source": null
          },
          "sensitive_attributes": [
            [
              {
                "type": "get_attr",
                "value": "sensitive_content"
              }
            ]
          ]
        }
      ]
    },
    {
      "mode": "managed",
      "type": "local_file",
      "name": "prod",
      "provider": "provider[\"registry.terraform.io/hashicorp/local\"]",
      "instances": [
        {
          "schema_version": 0,
          "attributes": {
            "content": "Production environment",
            "content_base64": null,
            "content_base64sha256": "ZzlfRil3LDHe0svtOYQ7Xh+pJWUmvBdjMpjKxKGGTk0=",
            "content_base64sha512": "HGcfEm9Q2PE4x3C845kly6rZp/lp+n3OUU7WzBwSwmrDhmU7Yuc0VPNmTAy12daNLpxo1L9W2qotvPI7w3VWcw==",
            "content_md5": "89285d428891f0338cae04e91b396813",
            "content_sha1": "56223686673ea90d19b3ea6af806ce8932aa208a",
            "content_sha256": "67395f4629772c31ded2cbed39843b5e1fa9256526bc17633298cac4a1864e4d",
            "content_sha512": "1c671f126f50d8f138c770bce39925cbaad9a7f969fa7dce514ed6cc1c12c26ac386653b62e73454f3664c0cb5d9d68d2e9c68d4bf56daaa2dbcf23bc3755673",
            "directory_permission": "0777",
            "file_permission": "0777",
            "filename": "./prod.txt",
            "id": "56223686673ea90d19b3ea6af806ce8932aa208a",
            "sensitive_content": null,
            "source": null
          },
          "sensitive_attributes": [
            [
              {
                "type": "get_attr",
                "value": "sensitive_content"
              }
            ]
          ]
        }
      ]
    }
  ],
  "check_results": null
}
